
Microsoft Visual Studio Solution File, Format Version 12.00
# Visual Studio Version 17
VisualStudioVersion = 17.9.34728.123
MinimumVisualStudioVersion = 10.0.40219.1
Project("{FAE04EC0-301F-11D3-BF4B-00C04F79EFBC}") = "PSO_Optimization", "PSO_Optimization.csproj", "{38276E6B-B2C5-4CF4-92C4-581DC4ADBC75}"
EndProject
Global
	GlobalSection(SolutionConfigurationPlatforms) = preSolution
		Debug|Any CPU = Debug|Any CPU
		Release|Any CPU = Release|Any CPU
	EndGlobalSection
	GlobalSection(ProjectConfigurationPlatforms) = postSolution
		{38276E6B-B2C5-4CF4-92C4-581DC4ADBC75}.Debug|Any CPU.ActiveCfg = Debug|Any CPU
		{38276E6B-B2C5-4CF4-92C4-581DC4ADBC75}.Debug|Any CPU.Build.0 = Debug|Any CPU
		{38276E6B-B2C5-4CF4-92C4-581DC4ADBC75}.Release|Any CPU.ActiveCfg = Release|Any CPU
		{38276E6B-B2C5-4CF4-92C4-581DC4ADBC75}.Release|Any CPU.Build.0 = Release|Any CPU
	EndGlobalSection
	GlobalSection(SolutionProperties) = preSolution
		HideSolutionNode = FALSE
	EndGlobalSection
	GlobalSection(ExtensibilityGlobals) = postSolution
		SolutionGuid = {EA3992EA-1194-462A-9B0B-F68E7C684AAE}
	EndGlobalSection
EndGlobal
